
Microsoft Visual Studio Solution File, Format Version 12.00
# Visual Studio 15
VisualStudioVersion = 15.0.28307.902
MinimumVisualStudioVersion = 10.0.40219.1
Project("{FAE04EC0-301F-11D3-BF4B-00C04F79EFBC}") = "WebApp", "WebApp\WebApp.csproj", "{FD6C52FF-13AE-416C-B241-DCA9F11AEDCA}"
EndProject
Global
	GlobalSection(SolutionConfigurationPlatforms) = preSolution
		Debug|Any CPU = Debug|Any CPU
		Release|Any CPU = Release|Any CPU
	EndGlobalSection
	GlobalSection(ProjectConfigurationPlatforms) = postSolution
		{FD6C52FF-13AE-416C-B241-DCA9F11AEDCA}.Debug|Any CPU.ActiveCfg = Debug|Any CPU
		{FD6C52FF-13AE-416C-B241-DCA9F11AEDCA}.Debug|Any CPU.Build.0 = Debug|Any CPU
		{FD6C52FF-13AE-416C-B241-DCA9F11AEDCA}.Release|Any CPU.ActiveCfg = Release|Any CPU
		{FD6C52FF-13AE-416C-B241-DCA9F11AEDCA}.Release|Any CPU.Build.0 = Release|Any CPU
	EndGlobalSection
	GlobalSection(SolutionProperties) = preSolution
		HideSolutionNode = FALSE
	EndGlobalSection
	GlobalSection(ExtensibilityGlobals) = postSolution
		SolutionGuid = {9E2750F6-4FB2-4C4F-96EB-86F119E1D118}
	EndGlobalSection
EndGlobal
